
Microsoft Visual Studio Solution File, Format Version 12.00
# Visual Studio Version 17
VisualStudioVersion = 17.0.31903.59
MinimumVisualStudioVersion = 10.0.40219.1
Project("{2150E333-8FDC-42A3-9474-1A3956D46DE8}") = "src", "src", "{827E0CD3-B72D-47B6-A68D-7590B98EB39B}"
EndProject
Project("{FAE04EC0-301F-11D3-BF4B-00C04F79EFBC}") = "Wallet.Domain", "src\Wallet.Domain\Wallet.Domain.csproj", "{008EF998-9224-456B-A7E5-86F1F8984BF9}"
EndProject
Project("{FAE04EC0-301F-11D3-BF4B-00C04F79EFBC}") = "Wallet.Application", "src\Wallet.Application\Wallet.Application.csproj", "{06FFD460-DB05-4C87-80C1-FE185C474DF9}"
EndProject
Project("{FAE04EC0-301F-11D3-BF4B-00C04F79EFBC}") = "Wallet.Infrastructure", "src\Wallet.Infrastructure\Wallet.Infrastructure.csproj", "{AC565CBB-4C60-469E-ADC5-C62F634E334F}"
EndProject
Project("{FAE04EC0-301F-11D3-BF4B-00C04F79EFBC}") = "Wallet.Api", "src\Wallet.Api\Wallet.Api.csproj", "{C91A5FFF-2B31-43F1-B002-46BE8456C87B}"
EndProject
Project("{FAE04EC0-301F-11D3-BF4B-00C04F79EFBC}") = "Wallet.Cli", "src\Wallet.Cli\Wallet.Cli.csproj", "{B2079EBB-86D7-441A-B95C-0A48D92864CF}"
EndProject
Project("{2150E333-8FDC-42A3-9474-1A3956D46DE8}") = "tests", "tests", "{0AB3BF05-4346-4AA6-1389-037BE0695223}"
EndProject
Project("{FAE04EC0-301F-11D3-BF4B-00C04F79EFBC}") = "Wallet.Domain.Tests", "tests\Wallet.Domain.Tests\Wallet.Domain.Tests.csproj", "{3A8FC08D-4241-4B30-8416-93819E0FD4BF}"
EndProject
Project("{FAE04EC0-301F-11D3-BF4B-00C04F79EFBC}") = "Wallet.Application.Tests", "tests\Wallet.Application.Tests\Wallet.Application.Tests.csproj", "{EAD613C9-D2B1-47E0-9CD8-978F5DF073F9}"
EndProject
Project("{FAE04EC0-301F-11D3-BF4B-00C04F79EFBC}") = "Wallet.Api.Tests", "tests\Wallet.Api.Tests\Wallet.Api.Tests.csproj", "{FAFAEAA5-849A-4641-9507-23633E72645E}"
EndProject
Global
	GlobalSection(SolutionConfigurationPlatforms) = preSolution
		Debug|Any CPU = Debug|Any CPU
		Debug|x64 = Debug|x64
		Debug|x86 = Debug|x86
		Release|Any CPU = Release|Any CPU
		Release|x64 = Release|x64
		Release|x86 = Release|x86
	EndGlobalSection
	GlobalSection(ProjectConfigurationPlatforms) = postSolution
		{008EF998-9224-456B-A7E5-86F1F8984BF9}.Debug|Any CPU.ActiveCfg = Debug|Any CPU
		{008EF998-9224-456B-A7E5-86F1F8984BF9}.Debug|Any CPU.Build.0 = Debug|Any CPU
		{008EF998-9224-456B-A7E5-86F1F8984BF9}.Debug|x64.ActiveCfg = Debug|Any CPU
		{008EF998-9224-456B-A7E5-86F1F8984BF9}.Debug|x64.Build.0 = Debug|Any CPU
		{008EF998-9224-456B-A7E5-86F1F8984BF9}.Debug|x86.ActiveCfg = Debug|Any CPU
		{008EF998-9224-456B-A7E5-86F1F8984BF9}.Debug|x86.Build.0 = Debug|Any CPU
		{008EF998-9224-456B-A7E5-86F1F8984BF9}.Release|Any CPU.ActiveCfg = Release|Any CPU
		{008EF998-9224-456B-A7E5-86F1F8984BF9}.Release|Any CPU.Build.0 = Release|Any CPU
		{008EF998-9224-456B-A7E5-86F1F8984BF9}.Release|x64.ActiveCfg = Release|Any CPU
		{008EF998-9224-456B-A7E5-86F1F8984BF9}.Release|x64.Build.0 = Release|Any CPU
		{008EF998-9224-456B-A7E5-86F1F8984BF9}.Release|x86.ActiveCfg = Release|Any CPU
		{008EF998-9224-456B-A7E5-86F1F8984BF9}.Release|x86.Build.0 = Release|Any CPU
		{06FFD460-DB05-4C87-80C1-FE185C474DF9}.Debug|Any CPU.ActiveCfg = Debug|Any CPU
		{06FFD460-DB05-4C87-80C1-FE185C474DF9}.Debug|Any CPU.Build.0 = Debug|Any CPU
		{06FFD460-DB05-4C87-80C1-FE185C474DF9}.Debug|x64.ActiveCfg = Debug|Any CPU
		{06FFD460-DB05-4C87-80C1-FE185C474DF9}.Debug|x64.Build.0 = Debug|Any CPU
		{06FFD460-DB05-4C87-80C1-FE185C474DF9}.Debug|x86.ActiveCfg = Debug|Any CPU
		{06FFD460-DB05-4C87-80C1-FE185C474DF9}.Debug|x86.Build.0 = Debug|Any CPU
		{06FFD460-DB05-4C87-80C1-FE185C474DF9}.Release|Any CPU.ActiveCfg = Release|Any CPU
		{06FFD460-DB05-4C87-80C1-FE185C474DF9}.Release|Any CPU.Build.0 = Release|Any CPU
		{06FFD460-DB05-4C87-80C1-FE185C474DF9}.Release|x64.ActiveCfg = Release|Any CPU
		{06FFD460-DB05-4C87-80C1-FE185C474DF9}.Release|x64.Build.0 = Release|Any CPU
		{06FFD460-DB05-4C87-80C1-FE185C474DF9}.Release|x86.ActiveCfg = Release|Any CPU
		{06FFD460-DB05-4C87-80C1-FE185C474DF9}.Release|x86.Build.0 = Release|Any CPU
		{AC565CBB-4C60-469E-ADC5-C62F634E334F}.Debug|Any CPU.ActiveCfg = Debug|Any CPU
		{AC565CBB-4C60-469E-ADC5-C62F634E334F}.Debug|Any CPU.Build.0 = Debug|Any CPU
		{AC565CBB-4C60-469E-ADC5-C62F634E334F}.Debug|x64.ActiveCfg = Debug|Any CPU
		{AC565CBB-4C60-469E-ADC5-C62F634E334F}.Debug|x64.Build.0 = Debug|Any CPU
		{AC565CBB-4C60-469E-ADC5-C62F634E334F}.Debug|x86.ActiveCfg = Debug|Any CPU
		{AC565CBB-4C60-469E-ADC5-C62F634E334F}.Debug|x86.Build.0 = Debug|Any CPU
		{AC565CBB-4C60-469E-ADC5-C62F634E334F}.Release|Any CPU.ActiveCfg = Release|Any CPU
		{AC565CBB-4C60-469E-ADC5-C62F634E334F}.Release|Any CPU.Build.0 = Release|Any CPU
		{AC565CBB-4C60-469E-ADC5-C62F634E334F}.Release|x64.ActiveCfg = Release|Any CPU
		{AC565CBB-4C60-469E-ADC5-C62F634E334F}.Release|x64.Build.0 = Release|Any CPU
		{AC565CBB-4C60-469E-ADC5-C62F634E334F}.Release|x86.ActiveCfg = Release|Any CPU
		{AC565CBB-4C60-469E-ADC5-C62F634E334F}.Release|x86.Build.0 = Release|Any CPU
		{C91A5FFF-2B31-43F1-B002-46BE8456C87B}.Debug|Any CPU.ActiveCfg = Debug|Any CPU
		{C91A5FFF-2B31-43F1-B002-46BE8456C87B}.Debug|Any CPU.Build.0 = Debug|Any CPU
		{C91A5FFF-2B31-43F1-B002-46BE8456C87B}.Debug|x64.ActiveCfg = Debug|Any CPU
		{C91A5FFF-2B31-43F1-B002-46BE8456C87B}.Debug|x64.Build.0 = Debug|Any CPU
		{C91A5FFF-2B31-43F1-B002-46BE8456C87B}.Debug|x86.ActiveCfg = Debug|Any CPU
		{C91A5FFF-2B31-43F1-B002-46BE8456C87B}.Debug|x86.Build.0 = Debug|Any CPU
		{C91A5FFF-2B31-43F1-B002-46BE8456C87B}.Release|Any CPU.ActiveCfg = Release|Any CPU
		{C91A5FFF-2B31-43F1-B002-46BE8456C87B}.Release|Any CPU.Build.0 = Release|Any CPU
		{C91A5FFF-2B31-43F1-B002-46BE8456C87B}.Release|x64.ActiveCfg = Release|Any CPU
		{C91A5FFF-2B31-43F1-B002-46BE8456C87B}.Release|x64.Build.0 = Release|Any CPU
		{C91A5FFF-2B31-43F1-B002-46BE8456C87B}.Release|x86.ActiveCfg = Release|Any CPU
		{C91A5FFF-2B31-43F1-B002-46BE8456C87B}.Release|x86.Build.0 = Release|Any CPU
		{B2079EBB-86D7-441A-B95C-0A48D92864CF}.Debug|Any CPU.ActiveCfg = Debug|Any CPU
		{B2079EBB-86D7-441A-B95C-0A48D92864CF}.Debug|Any CPU.Build.0 = Debug|Any CPU
		{B2079EBB-86D7-441A-B95C-0A48D92864CF}.Debug|x64.ActiveCfg = Debug|Any CPU
		{B2079EBB-86D7-441A-B95C-0A48D92864CF}.Debug|x64.Build.0 = Debug|Any CPU
		{B2079EBB-86D7-441A-B95C-0A48D92864CF}.Debug|x86.ActiveCfg = Debug|Any CPU
		{B2079EBB-86D7-441A-B95C-0A48D92864CF}.Debug|x86.Build.0 = Debug|Any CPU
		{B2079EBB-86D7-441A-B95C-0A48D92864CF}.Release|Any CPU.ActiveCfg = Release|Any CPU
		{B2079EBB-86D7-441A-B95C-0A48D92864CF}.Release|Any CPU.Build.0 = Release|Any CPU
		{B2079EBB-86D7-441A-B95C-0A48D92864CF}.Release|x64.ActiveCfg = Release|Any CPU
		{B2079EBB-86D7-441A-B95C-0A48D92864CF}.Release|x64.Build.0 = Release|Any CPU
		{B2079EBB-86D7-441A-B95C-0A48D92864CF}.Release|x86.ActiveCfg = Release|Any CPU
		{B2079EBB-86D7-441A-B95C-0A48D92864CF}.Release|x86.Build.0 = Release|Any CPU
		{3A8FC08D-4241-4B30-8416-93819E0FD4BF}.Debug|Any CPU.ActiveCfg = Debug|Any CPU
		{3A8FC08D-4241-4B30-8416-93819E0FD4BF}.Debug|Any CPU.Build.0 = Debug|Any CPU
		{3A8FC08D-4241-4B30-8416-93819E0FD4BF}.Debug|x64.ActiveCfg = Debug|Any CPU
		{3A8FC08D-4241-4B30-8416-93819E0FD4BF}.Debug|x64.Build.0 = Debug|Any CPU
		{3A8FC08D-4241-4B30-8416-93819E0FD4BF}.Debug|x86.ActiveCfg = Debug|Any CPU
		{3A8FC08D-4241-4B30-8416-93819E0FD4BF}.Debug|x86.Build.0 = Debug|Any CPU
		{3A8FC08D-4241-4B30-8416-93819E0FD4BF}.Release|Any CPU.ActiveCfg = Release|Any CPU
		{3A8FC08D-4241-4B30-8416-93819E0FD4BF}.Release|Any CPU.Build.0 = Release|Any CPU
		{3A8FC08D-4241-4B30-8416-93819E0FD4BF}.Release|x64.ActiveCfg = Release|Any CPU
		{3A8FC08D-4241-4B30-8416-93819E0FD4BF}.Release|x64.Build.0 = Release|Any CPU
		{3A8FC08D-4241-4B30-8416-93819E0FD4BF}.Release|x86.ActiveCfg = Release|Any CPU
		{3A8FC08D-4241-4B30-8416-93819E0FD4BF}.Release|x86.Build.0 = Release|Any CPU
		{EAD613C9-D2B1-47E0-9CD8-978F5DF073F9}.Debug|Any CPU.ActiveCfg = Debug|Any CPU
		{EAD613C9-D2B1-47E0-9CD8-978F5DF073F9}.Debug|Any CPU.Build.0 = Debug|Any CPU
		{EAD613C9-D2B1-47E0-9CD8-978F5DF073F9}.Debug|x64.ActiveCfg = Debug|Any CPU
		{EAD613C9-D2B1-47E0-9CD8-978F5DF073F9}.Debug|x64.Build.0 = Debug|Any CPU
		{EAD613C9-D2B1-47E0-9CD8-978F5DF073F9}.Debug|x86.ActiveCfg = Debug|Any CPU
		{EAD613C9-D2B1-47E0-9CD8-978F5DF073F9}.Debug|x86.Build.0 = Debug|Any CPU
		{EAD613C9-D2B1-47E0-9CD8-978F5DF073F9}.Release|Any CPU.ActiveCfg = Release|Any CPU
		{EAD613C9-D2B1-47E0-9CD8-978F5DF073F9}.Release|Any CPU.Build.0 = Release|Any CPU
		{EAD613C9-D2B1-47E0-9CD8-978F5DF073F9}.Release|x64.ActiveCfg = Release|Any CPU
		{EAD613C9-D2B1-47E0-9CD8-978F5DF073F9}.Release|x64.Build.0 = Release|Any CPU
		{EAD613C9-D2B1-47E0-9CD8-978F5DF073F9}.Release|x86.ActiveCfg = Release|Any CPU
		{EAD613C9-D2B1-47E0-9CD8-978F5DF073F9}.Release|x86.Build.0 = Release|Any CPU
		{FAFAEAA5-849A-4641-9507-23633E72645E}.Debug|Any CPU.ActiveCfg = Debug|Any CPU
		{FAFAEAA5-849A-4641-9507-23633E72645E}.Debug|Any CPU.Build.0 = Debug|Any CPU
		{FAFAEAA5-849A-4641-9507-23633E72645E}.Debug|x64.ActiveCfg = Debug|Any CPU
		{FAFAEAA5-849A-4641-9507-23633E72645E}.Debug|x64.Build.0 = Debug|Any CPU
		{FAFAEAA5-849A-4641-9507-23633E72645E}.Debug|x86.ActiveCfg = Debug|Any CPU
		{FAFAEAA5-849A-4641-9507-23633E72645E}.Debug|x86.Build.0 = Debug|Any CPU
		{FAFAEAA5-849A-4641-9507-23633E72645E}.Release|Any CPU.ActiveCfg = Release|Any CPU
		{FAFAEAA5-849A-4641-9507-23633E72645E}.Release|Any CPU.Build.0 = Release|Any CPU
		{FAFAEAA5-849A-4641-9507-23633E72645E}.Release|x64.ActiveCfg = Release|Any CPU
		{FAFAEAA5-849A-4641-9507-23633E72645E}.Release|x64.Build.0 = Release|Any CPU
		{FAFAEAA5-849A-4641-9507-23633E72645E}.Release|x86.ActiveCfg = Release|Any CPU
		{FAFAEAA5-849A-4641-9507-23633E72645E}.Release|x86.Build.0 = Release|Any CPU
	EndGlobalSection
	GlobalSection(SolutionProperties) = preSolution
		HideSolutionNode = FALSE
	EndGlobalSection
	GlobalSection(NestedProjects) = preSolution
		{008EF998-9224-456B-A7E5-86F1F8984BF9} = {827E0CD3-B72D-47B6-A68D-7590B98EB39B}
		{06FFD460-DB05-4C87-80C1-FE185C474DF9} = {827E0CD3-B72D-47B6-A68D-7590B98EB39B}
		{AC565CBB-4C60-469E-ADC5-C62F634E334F} = {827E0CD3-B72D-47B6-A68D-7590B98EB39B}
		{C91A5FFF-2B31-43F1-B002-46BE8456C87B} = {827E0CD3-B72D-47B6-A68D-7590B98EB39B}
		{B2079EBB-86D7-441A-B95C-0A48D92864CF} = {827E0CD3-B72D-47B6-A68D-7590B98EB39B}
		{3A8FC08D-4241-4B30-8416-93819E0FD4BF} = {0AB3BF05-4346-4AA6-1389-037BE0695223}
		{EAD613C9-D2B1-47E0-9CD8-978F5DF073F9} = {0AB3BF05-4346-4AA6-1389-037BE0695223}
		{FAFAEAA5-849A-4641-9507-23633E72645E} = {0AB3BF05-4346-4AA6-1389-037BE0695223}
	EndGlobalSection
EndGlobal
